
Microsoft Visual Studio Solution File, Format Version 12.00
# Visual Studio Version 16
VisualStudioVersion = 16.0.31702.278
MinimumVisualStudioVersion = 10.0.40219.1
Project("{FAE04EC0-301F-11D3-BF4B-00C04F79EFBC}") = "murad", "murad\murad.csproj", "{93E56E33-2E85-48DD-A10D-315F437EAD41}"
EndProject
Global
	GlobalSection(SolutionConfigurationPlatforms) = preSolution
		Debug|Any CPU = Debug|Any CPU
		Release|Any CPU = Release|Any CPU
	EndGlobalSection
	GlobalSection(ProjectConfigurationPlatforms) = postSolution
		{93E56E33-2E85-48DD-A10D-315F437EAD41}.Debug|Any CPU.ActiveCfg = Debug|Any CPU
		{93E56E33-2E85-48DD-A10D-315F437EAD41}.Debug|Any CPU.Build.0 = Debug|Any CPU
		{93E56E33-2E85-48DD-A10D-315F437EAD41}.Release|Any CPU.ActiveCfg = Release|Any CPU
		{93E56E33-2E85-48DD-A10D-315F437EAD41}.Release|Any CPU.Build.0 = Release|Any CPU
	EndGlobalSection
	GlobalSection(SolutionProperties) = preSolution
		HideSolutionNode = FALSE
	EndGlobalSection
	GlobalSection(ExtensibilityGlobals) = postSolution
		SolutionGuid = {3DD35F83-BF90-4B87-8C02-03E267D69C07}
	EndGlobalSection
EndGlobal
